
Microsoft Visual Studio Solution File, Format Version 12.00
# Visual Studio Version 16
VisualStudioVersion = 16.0.31402.337
MinimumVisualStudioVersion = 10.0.40219.1
Project("{FAE04EC0-301F-11D3-BF4B-00C04F79EFBC}") = "MyDates", "MyDates\MyDates.csproj", "{5DDDD302-D4D4-4DA5-91F9-DC3710A28B25}"
EndProject
Global
	GlobalSection(SolutionConfigurationPlatforms) = preSolution
		Debug|Any CPU = Debug|Any CPU
		Release|Any CPU = Release|Any CPU
	EndGlobalSection
	GlobalSection(ProjectConfigurationPlatforms) = postSolution
		{5DDDD302-D4D4-4DA5-91F9-DC3710A28B25}.Debug|Any CPU.ActiveCfg = Debug|Any CPU
		{5DDDD302-D4D4-4DA5-91F9-DC3710A28B25}.Debug|Any CPU.Build.0 = Debug|Any CPU
		{5DDDD302-D4D4-4DA5-91F9-DC3710A28B25}.Release|Any CPU.ActiveCfg = Release|Any CPU
		{5DDDD302-D4D4-4DA5-91F9-DC3710A28B25}.Release|Any CPU.Build.0 = Release|Any CPU
	EndGlobalSection
	GlobalSection(SolutionProperties) = preSolution
		HideSolutionNode = FALSE
	EndGlobalSection
	GlobalSection(ExtensibilityGlobals) = postSolution
		SolutionGuid = {1F4B1A32-823F-44D0-B70B-9C2036968CA7}
	EndGlobalSection
EndGlobal
