
Microsoft Visual Studio Solution File, Format Version 12.00
# Visual Studio Version 16
VisualStudioVersion = 16.0.31205.134
MinimumVisualStudioVersion = 10.0.40219.1
Project("{FAE04EC0-301F-11D3-BF4B-00C04F79EFBC}") = "TestMethods", "TestMethods\TestMethods.csproj", "{B965E01D-A911-43D0-9E93-1C2777441865}"
EndProject
Global
	GlobalSection(SolutionConfigurationPlatforms) = preSolution
		Debug|Any CPU = Debug|Any CPU
		Release|Any CPU = Release|Any CPU
	EndGlobalSection
	GlobalSection(ProjectConfigurationPlatforms) = postSolution
		{B965E01D-A911-43D0-9E93-1C2777441865}.Debug|Any CPU.ActiveCfg = Debug|Any CPU
		{B965E01D-A911-43D0-9E93-1C2777441865}.Debug|Any CPU.Build.0 = Debug|Any CPU
		{B965E01D-A911-43D0-9E93-1C2777441865}.Release|Any CPU.ActiveCfg = Release|Any CPU
		{B965E01D-A911-43D0-9E93-1C2777441865}.Release|Any CPU.Build.0 = Release|Any CPU
	EndGlobalSection
	GlobalSection(SolutionProperties) = preSolution
		HideSolutionNode = FALSE
	EndGlobalSection
	GlobalSection(ExtensibilityGlobals) = postSolution
		SolutionGuid = {529A0870-6EF6-4FB2-8D03-8AD9DA517271}
	EndGlobalSection
EndGlobal
