
Microsoft Visual Studio Solution File, Format Version 12.00
# Visual Studio Version 16
VisualStudioVersion = 16.0.31402.337
MinimumVisualStudioVersion = 10.0.40219.1
Project("{FAE04EC0-301F-11D3-BF4B-00C04F79EFBC}") = "BooksDatabase", "BooksDatabase\BooksDatabase.csproj", "{5C4A2CF0-8890-4F45-8ACD-E7F54AED3C7D}"
EndProject
Global
	GlobalSection(SolutionConfigurationPlatforms) = preSolution
		Debug|Any CPU = Debug|Any CPU
		Release|Any CPU = Release|Any CPU
	EndGlobalSection
	GlobalSection(ProjectConfigurationPlatforms) = postSolution
		{5C4A2CF0-8890-4F45-8ACD-E7F54AED3C7D}.Debug|Any CPU.ActiveCfg = Debug|Any CPU
		{5C4A2CF0-8890-4F45-8ACD-E7F54AED3C7D}.Debug|Any CPU.Build.0 = Debug|Any CPU
		{5C4A2CF0-8890-4F45-8ACD-E7F54AED3C7D}.Release|Any CPU.ActiveCfg = Release|Any CPU
		{5C4A2CF0-8890-4F45-8ACD-E7F54AED3C7D}.Release|Any CPU.Build.0 = Release|Any CPU
	EndGlobalSection
	GlobalSection(SolutionProperties) = preSolution
		HideSolutionNode = FALSE
	EndGlobalSection
	GlobalSection(ExtensibilityGlobals) = postSolution
		SolutionGuid = {88A101FB-0353-408E-AD4B-19199F2A634B}
	EndGlobalSection
EndGlobal
