
Microsoft Visual Studio Solution File, Format Version 12.00
# Visual Studio Version 16
VisualStudioVersion = 16.0.31205.134
MinimumVisualStudioVersion = 10.0.40219.1
Project("{FAE04EC0-301F-11D3-BF4B-00C04F79EFBC}") = "RelayRace", "RelayRace\RelayRace.csproj", "{D2E2D5D6-72B6-4791-8C3B-B83BF3209530}"
EndProject
Global
	GlobalSection(SolutionConfigurationPlatforms) = preSolution
		Debug|Any CPU = Debug|Any CPU
		Release|Any CPU = Release|Any CPU
	EndGlobalSection
	GlobalSection(ProjectConfigurationPlatforms) = postSolution
		{D2E2D5D6-72B6-4791-8C3B-B83BF3209530}.Debug|Any CPU.ActiveCfg = Debug|Any CPU
		{D2E2D5D6-72B6-4791-8C3B-B83BF3209530}.Debug|Any CPU.Build.0 = Debug|Any CPU
		{D2E2D5D6-72B6-4791-8C3B-B83BF3209530}.Release|Any CPU.ActiveCfg = Release|Any CPU
		{D2E2D5D6-72B6-4791-8C3B-B83BF3209530}.Release|Any CPU.Build.0 = Release|Any CPU
	EndGlobalSection
	GlobalSection(SolutionProperties) = preSolution
		HideSolutionNode = FALSE
	EndGlobalSection
	GlobalSection(ExtensibilityGlobals) = postSolution
		SolutionGuid = {8586A63D-504C-4583-8F21-1AE3BFE8FA1C}
	EndGlobalSection
EndGlobal
