
Microsoft Visual Studio Solution File, Format Version 12.00
# Visual Studio Version 16
VisualStudioVersion = 16.0.31402.337
MinimumVisualStudioVersion = 10.0.40219.1
Project("{FAE04EC0-301F-11D3-BF4B-00C04F79EFBC}") = "Wages", "Wages\Wages.csproj", "{EFDF925A-4A68-42DB-B86D-47AB744FF513}"
EndProject
Global
	GlobalSection(SolutionConfigurationPlatforms) = preSolution
		Debug|Any CPU = Debug|Any CPU
		Release|Any CPU = Release|Any CPU
	EndGlobalSection
	GlobalSection(ProjectConfigurationPlatforms) = postSolution
		{EFDF925A-4A68-42DB-B86D-47AB744FF513}.Debug|Any CPU.ActiveCfg = Debug|Any CPU
		{EFDF925A-4A68-42DB-B86D-47AB744FF513}.Debug|Any CPU.Build.0 = Debug|Any CPU
		{EFDF925A-4A68-42DB-B86D-47AB744FF513}.Release|Any CPU.ActiveCfg = Release|Any CPU
		{EFDF925A-4A68-42DB-B86D-47AB744FF513}.Release|Any CPU.Build.0 = Release|Any CPU
	EndGlobalSection
	GlobalSection(SolutionProperties) = preSolution
		HideSolutionNode = FALSE
	EndGlobalSection
	GlobalSection(ExtensibilityGlobals) = postSolution
		SolutionGuid = {F951ADDD-1C12-4803-B26A-C963BC336B58}
	EndGlobalSection
EndGlobal
