
Microsoft Visual Studio Solution File, Format Version 12.00
# Visual Studio Version 16
VisualStudioVersion = 16.0.30717.126
MinimumVisualStudioVersion = 10.0.40219.1
Project("{FAE04EC0-301F-11D3-BF4B-00C04F79EFBC}") = "MyName", "MyName\MyName.csproj", "{A1C1C1D3-B943-4C9C-95F2-19165E4742CF}"
EndProject
Global
	GlobalSection(SolutionConfigurationPlatforms) = preSolution
		Debug|Any CPU = Debug|Any CPU
		Release|Any CPU = Release|Any CPU
	EndGlobalSection
	GlobalSection(ProjectConfigurationPlatforms) = postSolution
		{A1C1C1D3-B943-4C9C-95F2-19165E4742CF}.Debug|Any CPU.ActiveCfg = Debug|Any CPU
		{A1C1C1D3-B943-4C9C-95F2-19165E4742CF}.Debug|Any CPU.Build.0 = Debug|Any CPU
		{A1C1C1D3-B943-4C9C-95F2-19165E4742CF}.Release|Any CPU.ActiveCfg = Release|Any CPU
		{A1C1C1D3-B943-4C9C-95F2-19165E4742CF}.Release|Any CPU.Build.0 = Release|Any CPU
	EndGlobalSection
	GlobalSection(SolutionProperties) = preSolution
		HideSolutionNode = FALSE
	EndGlobalSection
	GlobalSection(ExtensibilityGlobals) = postSolution
		SolutionGuid = {AEAD2B08-84DC-4BE7-B599-4EB0E4D1EDBA}
	EndGlobalSection
EndGlobal
