
Microsoft Visual Studio Solution File, Format Version 12.00
# Visual Studio Version 16
VisualStudioVersion = 16.0.31205.134
MinimumVisualStudioVersion = 10.0.40219.1
Project("{FAE04EC0-301F-11D3-BF4B-00C04F79EFBC}") = "ListFormatEx", "ListFormatEx\ListFormatEx.csproj", "{AFD251FC-87B6-4D28-AC06-0281B2D9E6DD}"
EndProject
Global
	GlobalSection(SolutionConfigurationPlatforms) = preSolution
		Debug|Any CPU = Debug|Any CPU
		Release|Any CPU = Release|Any CPU
	EndGlobalSection
	GlobalSection(ProjectConfigurationPlatforms) = postSolution
		{AFD251FC-87B6-4D28-AC06-0281B2D9E6DD}.Debug|Any CPU.ActiveCfg = Debug|Any CPU
		{AFD251FC-87B6-4D28-AC06-0281B2D9E6DD}.Debug|Any CPU.Build.0 = Debug|Any CPU
		{AFD251FC-87B6-4D28-AC06-0281B2D9E6DD}.Release|Any CPU.ActiveCfg = Release|Any CPU
		{AFD251FC-87B6-4D28-AC06-0281B2D9E6DD}.Release|Any CPU.Build.0 = Release|Any CPU
	EndGlobalSection
	GlobalSection(SolutionProperties) = preSolution
		HideSolutionNode = FALSE
	EndGlobalSection
	GlobalSection(ExtensibilityGlobals) = postSolution
		SolutionGuid = {1AB9AABB-411C-4115-9519-7CC72AB8845A}
	EndGlobalSection
EndGlobal
